
Microsoft Visual Studio Solution File, Format Version 12.00
# Visual Studio Version 17
VisualStudioVersion = 17.5.33627.172
MinimumVisualStudioVersion = 10.0.40219.1
Project("{FAE04EC0-301F-11D3-BF4B-00C04F79EFBC}") = "MagicVilla_API", "MagicVilla_API\MagicVilla_API.csproj", "{EAD5F103-B24C-4FDD-8C0B-754A6D080505}"
EndProject
Global
	GlobalSection(SolutionConfigurationPlatforms) = preSolution
		Debug|Any CPU = Debug|Any CPU
		Release|Any CPU = Release|Any CPU
	EndGlobalSection
	GlobalSection(ProjectConfigurationPlatforms) = postSolution
		{EAD5F103-B24C-4FDD-8C0B-754A6D080505}.Debug|Any CPU.ActiveCfg = Debug|Any CPU
		{EAD5F103-B24C-4FDD-8C0B-754A6D080505}.Debug|Any CPU.Build.0 = Debug|Any CPU
		{EAD5F103-B24C-4FDD-8C0B-754A6D080505}.Release|Any CPU.ActiveCfg = Release|Any CPU
		{EAD5F103-B24C-4FDD-8C0B-754A6D080505}.Release|Any CPU.Build.0 = Release|Any CPU
	EndGlobalSection
	GlobalSection(SolutionProperties) = preSolution
		HideSolutionNode = FALSE
	EndGlobalSection
	GlobalSection(ExtensibilityGlobals) = postSolution
		SolutionGuid = {20B509F6-500B-4C47-A589-C64F4EF33DD4}
	EndGlobalSection
EndGlobal
